// !$*UTF8*$!
{
	archiveVersion = 1;
	classes = {
	};
	objectVersion = 56;
	objects = {

/* Begin PBXBuildFile section */
		6353920E29D187D000EF9AD4 /* SpeechSynthesizer.swift in Sources */ = {isa = PBXBuildFile; fileRef = 6353920D29D187D000EF9AD4 /* SpeechSynthesizer.swift */; };
		6353921029D1971E00EF9AD4 /* iOSEyeTrackingViewController.swift in Sources */ = {isa = PBXBuildFile; fileRef = 6353920F29D1971E00EF9AD4 /* iOSEyeTrackingViewController.swift */; };
		6355DDBD29D200F7004B1DF0 /* CameraFeedViewModel.swift in Sources */ = {isa = PBXBuildFile; fileRef = 6355DDBC29D200F7004B1DF0 /* CameraFeedViewModel.swift */; };
		6355DDBF29D204B0004B1DF0 /* CameraFeedView.swift in Sources */ = {isa = PBXBuildFile; fileRef = 6355DDBE29D204B0004B1DF0 /* CameraFeedView.swift */; };
		635C4DC829D0EC9F00BEBD5B /* SightSoundApp.swift in Sources */ = {isa = PBXBuildFile; fileRef = 635C4DC729D0EC9F00BEBD5B /* SightSoundApp.swift */; };
		635C4DCA29D0EC9F00BEBD5B /* ContentView.swift in Sources */ = {isa = PBXBuildFile; fileRef = 635C4DC929D0EC9F00BEBD5B /* ContentView.swift */; };
		635C4DCC29D0ECA000BEBD5B /* Assets.xcassets in Resources */ = {isa = PBXBuildFile; fileRef = 635C4DCB29D0ECA000BEBD5B /* Assets.xcassets */; };
		635C4DD029D0ECA000BEBD5B /* Preview Assets.xcassets in Resources */ = {isa = PBXBuildFile; fileRef = 635C4DCF29D0ECA000BEBD5B /* Preview Assets.xcassets */; };
		635C4DDA29D0ECA100BEBD5B /* SightSoundTests.swift in Sources */ = {isa = PBXBuildFile; fileRef = 635C4DD929D0ECA100BEBD5B /* SightSoundTests.swift */; };
		635C4DE429D0ECA100BEBD5B /* SightSoundUITests.swift in Sources */ = {isa = PBXBuildFile; fileRef = 635C4DE329D0ECA100BEBD5B /* SightSoundUITests.swift */; };
		635C4DE629D0ECA100BEBD5B /* SightSoundUITestsLaunchTests.swift in Sources */ = {isa = PBXBuildFile; fileRef = 635C4DE529D0ECA100BEBD5B /* SightSoundUITestsLaunchTests.swift */; };
		63EA3F8529D19DFC007C30EA /* iOSCameraHandler.swift in Sources */ = {isa = PBXBuildFile; fileRef = 63EA3F8429D19DFC007C30EA /* iOSCameraHandler.swift */; };
		63EA3F8729D19F55007C30EA /* IOSCameraView.swift in Sources */ = {isa = PBXBuildFile; fileRef = 63EA3F8629D19F55007C30EA /* IOSCameraView.swift */; };
		63EA3F8B29D1A184007C30EA /* macOSCameraView.swift in Sources */ = {isa = PBXBuildFile; fileRef = 63EA3F8A29D1A184007C30EA /* macOSCameraView.swift */; };
		63EA3F8D29D1A1CB007C30EA /* macOSCameraHandler.swift in Sources */ = {isa = PBXBuildFile; fileRef = 63EA3F8C29D1A1CB007C30EA /* macOSCameraHandler.swift */; };
/* End PBXBuildFile section */

/* Begin PBXContainerItemProxy section */
		635C4DD629D0ECA100BEBD5B /* PBXContainerItemProxy */ = {
			isa = PBXContainerItemProxy;
			containerPortal = 635C4DBC29D0EC9F00BEBD5B /* Project object */;
			proxyType = 1;
			remoteGlobalIDString = 635C4DC329D0EC9F00BEBD5B;
			remoteInfo = SightSound;
		};
		635C4DE029D0ECA100BEBD5B /* PBXContainerItemProxy */ = {
			isa = PBXContainerItemProxy;
			containerPortal = 635C4DBC29D0EC9F00BEBD5B /* Project object */;
			proxyType = 1;
			remoteGlobalIDString = 635C4DC329D0EC9F00BEBD5B;
			remoteInfo = SightSound;
		};
/* End PBXContainerItemProxy section */

/* Begin PBXFileReference section */
		6353920D29D187D000EF9AD4 /* SpeechSynthesizer.swift */ = {isa = PBXFileReference; lastKnownFileType = sourcecode.swift; path = SpeechSynthesizer.swift; sourceTree = "<group>"; };
		6353920F29D1971E00EF9AD4 /* iOSEyeTrackingViewController.swift */ = {isa = PBXFileReference; lastKnownFileType = sourcecode.swift; path = iOSEyeTrackingViewController.swift; sourceTree = "<group>"; };
		6355DDBC29D200F7004B1DF0 /* CameraFeedViewModel.swift */ = {isa = PBXFileReference; lastKnownFileType = sourcecode.swift; path = CameraFeedViewModel.swift; sourceTree = "<group>"; };
		6355DDBE29D204B0004B1DF0 /* CameraFeedView.swift */ = {isa = PBXFileReference; lastKnownFileType = sourcecode.swift; path = CameraFeedView.swift; sourceTree = "<group>"; };
		635C4DC429D0EC9F00BEBD5B /* SightSound.app */ = {isa = PBXFileReference; explicitFileType = wrapper.application; includeInIndex = 0; path = SightSound.app; sourceTree = BUILT_PRODUCTS_DIR; };
		635C4DC729D0EC9F00BEBD5B /* SightSoundApp.swift */ = {isa = PBXFileReference; lastKnownFileType = sourcecode.swift; path = SightSoundApp.swift; sourceTree = "<group>"; };
		635C4DC929D0EC9F00BEBD5B /* ContentView.swift */ = {isa = PBXFileReference; lastKnownFileType = sourcecode.swift; path = ContentView.swift; sourceTree = "<group>"; };
		635C4DCB29D0ECA000BEBD5B /* Assets.xcassets */ = {isa = PBXFileReference; lastKnownFileType = folder.assetcatalog; path = Assets.xcassets; sourceTree = "<group>"; };
		635C4DCD29D0ECA000BEBD5B /* SightSound.entitlements */ = {isa = PBXFileReference; lastKnownFileType = text.plist.entitlements; path = SightSound.entitlements; sourceTree = "<group>"; };
		635C4DCF29D0ECA000BEBD5B /* Preview Assets.xcassets */ = {isa = PBXFileReference; lastKnownFileType = folder.assetcatalog; path = "Preview Assets.xcassets"; sourceTree = "<group>"; };
		635C4DD529D0ECA100BEBD5B /* SightSoundTests.xctest */ = {isa = PBXFileReference; explicitFileType = wrapper.cfbundle; includeInIndex = 0; path = SightSoundTests.xctest; sourceTree = BUILT_PRODUCTS_DIR; };
		635C4DD929D0ECA100BEBD5B /* SightSoundTests.swift */ = {isa = PBXFileReference; lastKnownFileType = sourcecode.swift; path = SightSoundTests.swift; sourceTree = "<group>"; };
		635C4DDF29D0ECA100BEBD5B /* SightSoundUITests.xctest */ = {isa = PBXFileReference; explicitFileType = wrapper.cfbundle; includeInIndex = 0; path = SightSoundUITests.xctest; sourceTree = BUILT_PRODUCTS_DIR; };
		635C4DE329D0ECA100BEBD5B /* SightSoundUITests.swift */ = {isa = PBXFileReference; lastKnownFileType = sourcecode.swift; path = SightSoundUITests.swift; sourceTree = "<group>"; };
		635C4DE529D0ECA100BEBD5B /* SightSoundUITestsLaunchTests.swift */ = {isa = PBXFileReference; lastKnownFileType = sourcecode.swift; path = SightSoundUITestsLaunchTests.swift; sourceTree = "<group>"; };
		63EA3F8429D19DFC007C30EA /* iOSCameraHandler.swift */ = {isa = PBXFileReference; lastKnownFileType = sourcecode.swift; path = iOSCameraHandler.swift; sourceTree = "<group>"; };
		63EA3F8629D19F55007C30EA /* IOSCameraView.swift */ = {isa = PBXFileReference; lastKnownFileType = sourcecode.swift; path = IOSCameraView.swift; sourceTree = "<group>"; };
		63EA3F8A29D1A184007C30EA /* macOSCameraView.swift */ = {isa = PBXFileReference; lastKnownFileType = sourcecode.swift; path = macOSCameraView.swift; sourceTree = "<group>"; };
		63EA3F8C29D1A1CB007C30EA /* macOSCameraHandler.swift */ = {isa = PBXFileReference; lastKnownFileType = sourcecode.swift; path = macOSCameraHandler.swift; sourceTree = "<group>"; };
		63FDB73E29D1A91E00D4E4A6 /* AppKit.framework */ = {isa = PBXFileReference; lastKnownFileType = wrapper.framework; name = AppKit.framework; path = System/Library/Frameworks/AppKit.framework; sourceTree = SDKROOT; };
/* End PBXFileReference section */

/* Begin PBXFrameworksBuildPhase section */
		635C4DC129D0EC9F00BEBD5B /* Frameworks */ = {
			isa = PBXFrameworksBuildPhase;
			buildActionMask = 2147483647;
			files = (
			);
			runOnlyForDeploymentPostprocessing = 0;
		};
		635C4DD229D0ECA100BEBD5B /* Frameworks */ = {
			isa = PBXFrameworksBuildPhase;
			buildActionMask = 2147483647;
			files = (
			);
			runOnlyForDeploymentPostprocessing = 0;
		};
		635C4DDC29D0ECA100BEBD5B /* Frameworks */ = {
			isa = PBXFrameworksBuildPhase;
			buildActionMask = 2147483647;
			files = (
			);
			runOnlyForDeploymentPostprocessing = 0;
		};
/* End PBXFrameworksBuildPhase section */

/* Begin PBXGroup section */
		6353921129D1978300EF9AD4 /* Frameworks */ = {
			isa = PBXGroup;
			children = (
				63FDB73E29D1A91E00D4E4A6 /* AppKit.framework */,
			);
			name = Frameworks;
			sourceTree = "<group>";
		};
		635C4DBB29D0EC9F00BEBD5B = {
			isa = PBXGroup;
			children = (
				635C4DC629D0EC9F00BEBD5B /* SightSound */,
				635C4DD829D0ECA100BEBD5B /* SightSoundTests */,
				635C4DE229D0ECA100BEBD5B /* SightSoundUITests */,
				635C4DC529D0EC9F00BEBD5B /* Products */,
				6353921129D1978300EF9AD4 /* Frameworks */,
			);
			sourceTree = "<group>";
		};
		635C4DC529D0EC9F00BEBD5B /* Products */ = {
			isa = PBXGroup;
			children = (
				635C4DC429D0EC9F00BEBD5B /* SightSound.app */,
				635C4DD529D0ECA100BEBD5B /* SightSoundTests.xctest */,
				635C4DDF29D0ECA100BEBD5B /* SightSoundUITests.xctest */,
			);
			name = Products;
			sourceTree = "<group>";
		};
		635C4DC629D0EC9F00BEBD5B /* SightSound */ = {
			isa = PBXGroup;
			children = (
				635C4DCE29D0ECA000BEBD5B /* Preview Content */,
				635C4DCB29D0ECA000BEBD5B /* Assets.xcassets */,
				635C4DCD29D0ECA000BEBD5B /* SightSound.entitlements */,
				635C4DC729D0EC9F00BEBD5B /* SightSoundApp.swift */,
				635C4DC929D0EC9F00BEBD5B /* ContentView.swift */,
				6353920D29D187D000EF9AD4 /* SpeechSynthesizer.swift */,
				6353920F29D1971E00EF9AD4 /* iOSEyeTrackingViewController.swift */,
				63EA3F8A29D1A184007C30EA /* macOSCameraView.swift */,
				63EA3F8C29D1A1CB007C30EA /* macOSCameraHandler.swift */,
				63EA3F8629D19F55007C30EA /* IOSCameraView.swift */,
				63EA3F8429D19DFC007C30EA /* iOSCameraHandler.swift */,
				6355DDBC29D200F7004B1DF0 /* CameraFeedViewModel.swift */,
				6355DDBE29D204B0004B1DF0 /* CameraFeedView.swift */,
			);
			path = SightSound;
			sourceTree = "<group>";
		};
		635C4DCE29D0ECA000BEBD5B /* Preview Content */ = {
			isa = PBXGroup;
			children = (
				635C4DCF29D0ECA000BEBD5B /* Preview Assets.xcassets */,
			);
			path = "Preview Content";
			sourceTree = "<group>";
		};
		635C4DD829D0ECA100BEBD5B /* SightSoundTests */ = {
			isa = PBXGroup;
			children = (
				635C4DD929D0ECA100BEBD5B /* SightSoundTests.swift */,
			);
			path = SightSoundTests;
			sourceTree = "<group>";
		};
		635C4DE229D0ECA100BEBD5B /* SightSoundUITests */ = {
			isa = PBXGroup;
			children = (
				635C4DE329D0ECA100BEBD5B /* SightSoundUITests.swift */,
				635C4DE529D0ECA100BEBD5B /* SightSoundUITestsLaunchTests.swift */,
			);
			path = SightSoundUITests;
			sourceTree = "<group>";
		};
/* End PBXGroup section */

/* Begin PBXNativeTarget section */
		635C4DC329D0EC9F00BEBD5B /* SightSound */ = {
			isa = PBXNativeTarget;
			buildConfigurationList = 635C4DE929D0ECA100BEBD5B /* Build configuration list for PBXNativeTarget "SightSound" */;
			buildPhases = (
				635C4DC029D0EC9F00BEBD5B /* Sources */,
				635C4DC129D0EC9F00BEBD5B /* Frameworks */,
				635C4DC229D0EC9F00BEBD5B /* Resources */,
			);
			buildRules = (
			);
			dependencies = (
			);
			name = SightSound;
			productName = SightSound;
			productReference = 635C4DC429D0EC9F00BEBD5B /* SightSound.app */;
			productType = "com.apple.product-type.application";
		};
		635C4DD429D0ECA100BEBD5B /* SightSoundTests */ = {
			isa = PBXNativeTarget;
			buildConfigurationList = 635C4DEC29D0ECA100BEBD5B /* Build configuration list for PBXNativeTarget "SightSoundTests" */;
			buildPhases = (
				635C4DD129D0ECA100BEBD5B /* Sources */,
				635C4DD229D0ECA100BEBD5B /* Frameworks */,
				635C4DD329D0ECA100BEBD5B /* Resources */,
			);
			buildRules = (
			);
			dependencies = (
				635C4DD729D0ECA100BEBD5B /* PBXTargetDependency */,
			);
			name = SightSoundTests;
			productName = SightSoundTests;
			productReference = 635C4DD529D0ECA100BEBD5B /* SightSoundTests.xctest */;
			productType = "com.apple.product-type.bundle.unit-test";
		};
		635C4DDE29D0ECA100BEBD5B /* SightSoundUITests */ = {
			isa = PBXNativeTarget;
			buildConfigurationList = 635C4DEF29D0ECA100BEBD5B /* Build configuration list for PBXNativeTarget "SightSoundUITests" */;
			buildPhases = (
				635C4DDB29D0ECA100BEBD5B /* Sources */,
				635C4DDC29D0ECA100BEBD5B /* Frameworks */,
				635C4DDD29D0ECA100BEBD5B /* Resources */,
			);
			buildRules = (
			);
			dependencies = (
				635C4DE129D0ECA100BEBD5B /* PBXTargetDependency */,
			);
			name = SightSoundUITests;
			productName = SightSoundUITests;
			productReference = 635C4DDF29D0ECA100BEBD5B /* SightSoundUITests.xctest */;
			productType = "com.apple.product-type.bundle.ui-testing";
		};
/* End PBXNativeTarget section */

/* Begin PBXProject section */
		635C4DBC29D0EC9F00BEBD5B /* Project object */ = {
			isa = PBXProject;
			attributes = {
				BuildIndependentTargetsInParallel = 1;
				LastSwiftUpdateCheck = 1420;
				LastUpgradeCheck = 1420;
				TargetAttributes = {
					635C4DC329D0EC9F00BEBD5B = {
						CreatedOnToolsVersion = 14.2;
					};
					635C4DD429D0ECA100BEBD5B = {
						CreatedOnToolsVersion = 14.2;
						TestTargetID = 635C4DC329D0EC9F00BEBD5B;
					};
					635C4DDE29D0ECA100BEBD5B = {
						CreatedOnToolsVersion = 14.2;
						TestTargetID = 635C4DC329D0EC9F00BEBD5B;
					};
				};
			};
			buildConfigurationList = 635C4DBF29D0EC9F00BEBD5B /* Build configuration list for PBXProject "SightSound" */;
			compatibilityVersion = "Xcode 14.0";
			developmentRegion = en;
			hasScannedForEncodings = 0;
			knownRegions = (
				en,
				Base,
			);
			mainGroup = 635C4DBB29D0EC9F00BEBD5B;
			productRefGroup = 635C4DC529D0EC9F00BEBD5B /* Products */;
			projectDirPath = "";
			projectRoot = "";
			targets = (
				635C4DC329D0EC9F00BEBD5B /* SightSound */,
				635C4DD429D0ECA100BEBD5B /* SightSoundTests */,
				635C4DDE29D0ECA100BEBD5B /* SightSoundUITests */,
			);
		};
/* End PBXProject section */

/* Begin PBXResourcesBuildPhase section */
		635C4DC229D0EC9F00BEBD5B /* Resources */ = {
			isa = PBXResourcesBuildPhase;
			buildActionMask = 2147483647;
			files = (
				635C4DD029D0ECA000BEBD5B /* Preview Assets.xcassets in Resources */,
				635C4DCC29D0ECA000BEBD5B /* Assets.xcassets in Resources */,
			);
			runOnlyForDeploymentPostprocessing = 0;
		};
		635C4DD329D0ECA100BEBD5B /* Resources */ = {
			isa = PBXResourcesBuildPhase;
			buildActionMask = 2147483647;
			files = (
			);
			runOnlyForDeploymentPostprocessing = 0;
		};
		635C4DDD29D0ECA100BEBD5B /* Resources */ = {
			isa = PBXResourcesBuildPhase;
			buildActionMask = 2147483647;
			files = (
			);
			runOnlyForDeploymentPostprocessing = 0;
		};
/* End PBXResourcesBuildPhase section */

/* Begin PBXSourcesBuildPhase section */
		635C4DC029D0EC9F00BEBD5B /* Sources */ = {
			isa = PBXSourcesBuildPhase;
			buildActionMask = 2147483647;
			files = (
				635C4DCA29D0EC9F00BEBD5B /* ContentView.swift in Sources */,
				63EA3F8529D19DFC007C30EA /* iOSCameraHandler.swift in Sources */,
				63EA3F8B29D1A184007C30EA /* macOSCameraView.swift in Sources */,
				6353921029D1971E00EF9AD4 /* iOSEyeTrackingViewController.swift in Sources */,
				63EA3F8D29D1A1CB007C30EA /* macOSCameraHandler.swift in Sources */,
				63EA3F8729D19F55007C30EA /* IOSCameraView.swift in Sources */,
				635C4DC829D0EC9F00BEBD5B /* SightSoundApp.swift in Sources */,
				6355DDBF29D204B0004B1DF0 /* CameraFeedView.swift in Sources */,
				6355DDBD29D200F7004B1DF0 /* CameraFeedViewModel.swift in Sources */,
				6353920E29D187D000EF9AD4 /* SpeechSynthesizer.swift in Sources */,
			);
			runOnlyForDeploymentPostprocessing = 0;
		};
		635C4DD129D0ECA100BEBD5B /* Sources */ = {
			isa = PBXSourcesBuildPhase;
			buildActionMask = 2147483647;
			files = (
				635C4DDA29D0ECA100BEBD5B /* SightSoundTests.swift in Sources */,
			);
			runOnlyForDeploymentPostprocessing = 0;
		};
		635C4DDB29D0ECA100BEBD5B /* Sources */ = {
			isa = PBXSourcesBuildPhase;
			buildActionMask = 2147483647;
			files = (
				635C4DE629D0ECA100BEBD5B /* SightSoundUITestsLaunchTests.swift in Sources */,
				635C4DE429D0ECA100BEBD5B /* SightSoundUITests.swift in Sources */,
			);
			runOnlyForDeploymentPostprocessing = 0;
		};
/* End PBXSourcesBuildPhase section */

/* Begin PBXTargetDependency section */
		635C4DD729D0ECA100BEBD5B /* PBXTargetDependency */ = {
			isa = PBXTargetDependency;
			target = 635C4DC329D0EC9F00BEBD5B /* SightSound */;
			targetProxy = 635C4DD629D0ECA100BEBD5B /* PBXContainerItemProxy */;
		};
		635C4DE129D0ECA100BEBD5B /* PBXTargetDependency */ = {
			isa = PBXTargetDependency;
			target = 635C4DC329D0EC9F00BEBD5B /* SightSound */;
			targetProxy = 635C4DE029D0ECA100BEBD5B /* PBXContainerItemProxy */;
		};
/* End PBXTargetDependency section */

/* Begin XCBuildConfiguration section */
		635C4DE729D0ECA100BEBD5B /* Debug */ = {
			isa = XCBuildConfiguration;
			buildSettings = {
				ALWAYS_SEARCH_USER_PATHS = NO;
				CLANG_ANALYZER_NONNULL = YES;
				CLANG_ANALYZER_NUMBER_OBJECT_CONVERSION = YES_AGGRESSIVE;
				CLANG_CXX_LANGUAGE_STANDARD = "gnu++20";
				CLANG_ENABLE_MODULES = YES;
				CLANG_ENABLE_OBJC_ARC = YES;
				CLANG_ENABLE_OBJC_WEAK = YES;
				CLANG_WARN_BLOCK_CAPTURE_AUTORELEASING = YES;
				CLANG_WARN_BOOL_CONVERSION = YES;
				CLANG_WARN_COMMA = YES;
				CLANG_WARN_CONSTANT_CONVERSION = YES;
				CLANG_WARN_DEPRECATED_OBJC_IMPLEMENTATIONS = YES;
				CLANG_WARN_DIRECT_OBJC_ISA_USAGE = YES_ERROR;
				CLANG_WARN_DOCUMENTATION_COMMENTS = YES;
				CLANG_WARN_EMPTY_BODY = YES;
				CLANG_WARN_ENUM_CONVERSION = YES;
				CLANG_WARN_INFINITE_RECURSION = YES;
				CLANG_WARN_INT_CONVERSION = YES;
				CLANG_WARN_NON_LITERAL_NULL_CONVERSION = YES;
				CLANG_WARN_OBJC_IMPLICIT_RETAIN_SELF = YES;
				CLANG_WARN_OBJC_LITERAL_CONVERSION = YES;
				CLANG_WARN_OBJC_ROOT_CLASS = YES_ERROR;
				CLANG_WARN_QUOTED_INCLUDE_IN_FRAMEWORK_HEADER = YES;
				CLANG_WARN_RANGE_LOOP_ANALYSIS = YES;
				CLANG_WARN_STRICT_PROTOTYPES = YES;
				CLANG_WARN_SUSPICIOUS_MOVE = YES;
				CLANG_WARN_UNGUARDED_AVAILABILITY = YES_AGGRESSIVE;
				CLANG_WARN_UNREACHABLE_CODE = YES;
				CLANG_WARN__DUPLICATE_METHOD_MATCH = YES;
				COPY_PHASE_STRIP = NO;
				DEBUG_INFORMATION_FORMAT = dwarf;
				ENABLE_STRICT_OBJC_MSGSEND = YES;
				ENABLE_TESTABILITY = YES;
				GCC_C_LANGUAGE_STANDARD = gnu11;
				GCC_DYNAMIC_NO_PIC = NO;
				GCC_NO_COMMON_BLOCKS = YES;
				GCC_OPTIMIZATION_LEVEL = 0;
				GCC_PREPROCESSOR_DEFINITIONS = (
					"DEBUG=1",
					"$(inherited)",
				);
				GCC_WARN_64_TO_32_BIT_CONVERSION = YES;
				GCC_WARN_ABOUT_RETURN_TYPE = YES_ERROR;
				GCC_WARN_UNDECLARED_SELECTOR = YES;
				GCC_WARN_UNINITIALIZED_AUTOS = YES_AGGRESSIVE;
				GCC_WARN_UNUSED_FUNCTION = YES;
				GCC_WARN_UNUSED_VARIABLE = YES;
				INFOPLIST_FILE = "";
				INFOPLIST_KEY_NSCameraUsageDescription = "";
				MTL_ENABLE_DEBUG_INFO = INCLUDE_SOURCE;
				MTL_FAST_MATH = YES;
				ONLY_ACTIVE_ARCH = YES;
				SWIFT_ACTIVE_COMPILATION_CONDITIONS = DEBUG;
				SWIFT_OPTIMIZATION_LEVEL = "-Onone";
			};
			name = Debug;
		};
		635C4DE829D0ECA100BEBD5B /* Release */ = {
			isa = XCBuildConfiguration;
			buildSettings = {
				ALWAYS_SEARCH_USER_PATHS = NO;
				CLANG_ANALYZER_NONNULL = YES;
				CLANG_ANALYZER_NUMBER_OBJECT_CONVERSION = YES_AGGRESSIVE;
				CLANG_CXX_LANGUAGE_STANDARD = "gnu++20";
				CLANG_ENABLE_MODULES = YES;
				CLANG_ENABLE_OBJC_ARC = YES;
				CLANG_ENABLE_OBJC_WEAK = YES;
				CLANG_WARN_BLOCK_CAPTURE_AUTORELEASING = YES;
				CLANG_WARN_BOOL_CONVERSION = YES;
				CLANG_WARN_COMMA = YES;
				CLANG_WARN_CONSTANT_CONVERSION = YES;
				CLANG_WARN_DEPRECATED_OBJC_IMPLEMENTATIONS = YES;
				CLANG_WARN_DIRECT_OBJC_ISA_USAGE = YES_ERROR;
				CLANG_WARN_DOCUMENTATION_COMMENTS = YES;
				CLANG_WARN_EMPTY_BODY = YES;
				CLANG_WARN_ENUM_CONVERSION = YES;
				CLANG_WARN_INFINITE_RECURSION = YES;
				CLANG_WARN_INT_CONVERSION = YES;
				CLANG_WARN_NON_LITERAL_NULL_CONVERSION = YES;
				CLANG_WARN_OBJC_IMPLICIT_RETAIN_SELF = YES;
				CLANG_WARN_OBJC_LITERAL_CONVERSION = YES;
				CLANG_WARN_OBJC_ROOT_CLASS = YES_ERROR;
				CLANG_WARN_QUOTED_INCLUDE_IN_FRAMEWORK_HEADER = YES;
				CLANG_WARN_RANGE_LOOP_ANALYSIS = YES;
				CLANG_WARN_STRICT_PROTOTYPES = YES;
				CLANG_WARN_SUSPICIOUS_MOVE = YES;
				CLANG_WARN_UNGUARDED_AVAILABILITY = YES_AGGRESSIVE;
				CLANG_WARN_UNREACHABLE_CODE = YES;
				CLANG_WARN__DUPLICATE_METHOD_MATCH = YES;
				COPY_PHASE_STRIP = NO;
				DEBUG_INFORMATION_FORMAT = "dwarf-with-dsym";
				ENABLE_NS_ASSERTIONS = NO;
				ENABLE_STRICT_OBJC_MSGSEND = YES;
				GCC_C_LANGUAGE_STANDARD = gnu11;
				GCC_NO_COMMON_BLOCKS = YES;
				GCC_WARN_64_TO_32_BIT_CONVERSION = YES;
				GCC_WARN_ABOUT_RETURN_TYPE = YES_ERROR;
				GCC_WARN_UNDECLARED_SELECTOR = YES;
				GCC_WARN_UNINITIALIZED_AUTOS = YES_AGGRESSIVE;
				GCC_WARN_UNUSED_FUNCTION = YES;
				GCC_WARN_UNUSED_VARIABLE = YES;
				INFOPLIST_FILE = "";
				INFOPLIST_KEY_NSCameraUsageDescription = "";
				MTL_ENABLE_DEBUG_INFO = NO;
				MTL_FAST_MATH = YES;
				SWIFT_COMPILATION_MODE = wholemodule;
				SWIFT_OPTIMIZATION_LEVEL = "-O";
			};
			name = Release;
		};
		635C4DEA29D0ECA100BEBD5B /* Debug */ = {
			isa = XCBuildConfiguration;
			buildSettings = {
				ASSETCATALOG_COMPILER_APPICON_NAME = AppIcon;
				ASSETCATALOG_COMPILER_GLOBAL_ACCENT_COLOR_NAME = AccentColor;
				CODE_SIGN_ENTITLEMENTS = SightSound/SightSound.entitlements;
				CODE_SIGN_STYLE = Automatic;
				CURRENT_PROJECT_VERSION = 1;
				DEVELOPMENT_ASSET_PATHS = "\"SightSound/Preview Content\"";
				DEVELOPMENT_TEAM = U69WA22HMU;
				ENABLE_HARDENED_RUNTIME = YES;
				ENABLE_PREVIEWS = YES;
				GENERATE_INFOPLIST_FILE = YES;
				INFOPLIST_KEY_LSApplicationCategoryType = "public.app-category.productivity";
				INFOPLIST_KEY_NSCameraUsageDescription = Yes;
				"INFOPLIST_KEY_UIApplicationSceneManifest_Generation[sdk=iphoneos*]" = YES;
				"INFOPLIST_KEY_UIApplicationSceneManifest_Generation[sdk=iphonesimulator*]" = YES;
				"INFOPLIST_KEY_UIApplicationSupportsIndirectInputEvents[sdk=iphoneos*]" = YES;
				"INFOPLIST_KEY_UIApplicationSupportsIndirectInputEvents[sdk=iphonesimulator*]" = YES;
				"INFOPLIST_KEY_UILaunchScreen_Generation[sdk=iphoneos*]" = YES;
				"INFOPLIST_KEY_UILaunchScreen_Generation[sdk=iphonesimulator*]" = YES;
				"INFOPLIST_KEY_UIStatusBarStyle[sdk=iphoneos*]" = UIStatusBarStyleDefault;
				"INFOPLIST_KEY_UIStatusBarStyle[sdk=iphonesimulator*]" = UIStatusBarStyleDefault;
				INFOPLIST_KEY_UISupportedInterfaceOrientations_iPad = "UIInterfaceOrientationPortrait UIInterfaceOrientationPortraitUpsideDown UIInterfaceOrientationLandscapeLeft UIInterfaceOrientationLandscapeRight";
				INFOPLIST_KEY_UISupportedInterfaceOrientations_iPhone = "UIInterfaceOrientationPortrait UIInterfaceOrientationLandscapeLeft UIInterfaceOrientationLandscapeRight";
				IPHONEOS_DEPLOYMENT_TARGET = 16.2;
				LD_RUNPATH_SEARCH_PATHS = "@executable_path/Frameworks";
				"LD_RUNPATH_SEARCH_PATHS[sdk=macosx*]" = "@executable_path/../Frameworks";
				MACOSX_DEPLOYMENT_TARGET = 13.1;
				MARKETING_VERSION = 1.0;
				PRODUCT_BUNDLE_IDENTIFIER = com.guang.SightSound;
				PRODUCT_NAME = "$(TARGET_NAME)";
				SDKROOT = macosx;
				SUPPORTED_PLATFORMS = "iphoneos iphonesimulator macosx";
				SWIFT_EMIT_LOC_STRINGS = YES;
				SWIFT_VERSION = 5.0;
				TARGETED_DEVICE_FAMILY = "1,2";
			};
			name = Debug;
		};
		635C4DEB29D0ECA100BEBD5B /* Release */ = {
			isa = XCBuildConfiguration;
			buildSettings = {
				ASSETCATALOG_COMPILER_APPICON_NAME = AppIcon;
				ASSETCATALOG_COMPILER_GLOBAL_ACCENT_COLOR_NAME = AccentColor;
				CODE_SIGN_ENTITLEMENTS = SightSound/SightSound.entitlements;
				CODE_SIGN_STYLE = Automatic;
				CURRENT_PROJECT_VERSION = 1;
				DEVELOPMENT_ASSET_PATHS = "\"SightSound/Preview Content\"";
				DEVELOPMENT_TEAM = U69WA22HMU;
				ENABLE_HARDENED_RUNTIME = YES;
				ENABLE_PREVIEWS = YES;
				GENERATE_INFOPLIST_FILE = YES;
				INFOPLIST_KEY_LSApplicationCategoryType = "public.app-category.productivity";
				INFOPLIST_KEY_NSCameraUsageDescription = Yes;
				"INFOPLIST_KEY_UIApplicationSceneManifest_Generation[sdk=iphoneos*]" = YES;
				"INFOPLIST_KEY_UIApplicationSceneManifest_Generation[sdk=iphonesimulator*]" = YES;
				"INFOPLIST_KEY_UIApplicationSupportsIndirectInputEvents[sdk=iphoneos*]" = YES;
				"INFOPLIST_KEY_UIApplicationSupportsIndirectInputEvents[sdk=iphonesimulator*]" = YES;
				"INFOPLIST_KEY_UILaunchScreen_Generation[sdk=iphoneos*]" = YES;
				"INFOPLIST_KEY_UILaunchScreen_Generation[sdk=iphonesimulator*]" = YES;
				"INFOPLIST_KEY_UIStatusBarStyle[sdk=iphoneos*]" = UIStatusBarStyleDefault;
				"INFOPLIST_KEY_UIStatusBarStyle[sdk=iphonesimulator*]" = UIStatusBarStyleDefault;
				INFOPLIST_KEY_UISupportedInterfaceOrientations_iPad = "UIInterfaceOrientationPortrait UIInterfaceOrientationPortraitUpsideDown UIInterfaceOrientationLandscapeLeft UIInterfaceOrientationLandscapeRight";
				INFOPLIST_KEY_UISupportedInterfaceOrientations_iPhone = "UIInterfaceOrientationPortrait UIInterfaceOrientationLandscapeLeft UIInterfaceOrientationLandscapeRight";
				IPHONEOS_DEPLOYMENT_TARGET = 16.2;
				LD_RUNPATH_SEARCH_PATHS = "@executable_path/Frameworks";
				"LD_RUNPATH_SEARCH_PATHS[sdk=macosx*]" = "@executable_path/../Frameworks";
				MACOSX_DEPLOYMENT_TARGET = 13.1;
				MARKETING_VERSION = 1.0;
				PRODUCT_BUNDLE_IDENTIFIER = com.guang.SightSound;
				PRODUCT_NAME = "$(TARGET_NAME)";
				SDKROOT = macosx;
				SUPPORTED_PLATFORMS = "iphoneos iphonesimulator macosx";
				SWIFT_EMIT_LOC_STRINGS = YES;
				SWIFT_VERSION = 5.0;
				TARGETED_DEVICE_FAMILY = "1,2";
			};
			name = Release;
		};
		635C4DED29D0ECA100BEBD5B /* Debug */ = {
			isa = XCBuildConfiguration;
			buildSettings = {
				ALWAYS_EMBED_SWIFT_STANDARD_LIBRARIES = YES;
				BUNDLE_LOADER = "$(TEST_HOST)";
				CODE_SIGN_STYLE = Automatic;
				CURRENT_PROJECT_VERSION = 1;
				DEVELOPMENT_TEAM = U69WA22HMU;
				GENERATE_INFOPLIST_FILE = YES;
				IPHONEOS_DEPLOYMENT_TARGET = 16.2;
				MACOSX_DEPLOYMENT_TARGET = 13.1;
				MARKETING_VERSION = 1.0;
				PRODUCT_BUNDLE_IDENTIFIER = com.guang.SightSoundTests;
				PRODUCT_NAME = "$(TARGET_NAME)";
				SDKROOT = auto;
				SUPPORTED_PLATFORMS = "iphoneos iphonesimulator macosx";
				SWIFT_EMIT_LOC_STRINGS = NO;
				SWIFT_VERSION = 5.0;
				TARGETED_DEVICE_FAMILY = "1,2";
				TEST_HOST = "$(BUILT_PRODUCTS_DIR)/SightSound.app/$(BUNDLE_EXECUTABLE_FOLDER_PATH)/SightSound";
			};
			name = Debug;
		};
		635C4DEE29D0ECA100BEBD5B /* Release */ = {
			isa = XCBuildConfiguration;
			buildSettings = {
				ALWAYS_EMBED_SWIFT_STANDARD_LIBRARIES = YES;
				BUNDLE_LOADER = "$(TEST_HOST)";
				CODE_SIGN_STYLE = Automatic;
				CURRENT_PROJECT_VERSION = 1;
				DEVELOPMENT_TEAM = U69WA22HMU;
				GENERATE_INFOPLIST_FILE = YES;
				IPHONEOS_DEPLOYMENT_TARGET = 16.2;
				MACOSX_DEPLOYMENT_TARGET = 13.1;
				MARKETING_VERSION = 1.0;
				PRODUCT_BUNDLE_IDENTIFIER = com.guang.SightSoundTests;
				PRODUCT_NAME = "$(TARGET_NAME)";
				SDKROOT = auto;
				SUPPORTED_PLATFORMS = "iphoneos iphonesimulator macosx";
				SWIFT_EMIT_LOC_STRINGS = NO;
				SWIFT_VERSION = 5.0;
				TARGETED_DEVICE_FAMILY = "1,2";
				TEST_HOST = "$(BUILT_PRODUCTS_DIR)/SightSound.app/$(BUNDLE_EXECUTABLE_FOLDER_PATH)/SightSound";
			};
			name = Release;
		};
		635C4DF029D0ECA100BEBD5B /* Debug */ = {
			isa = XCBuildConfiguration;
			buildSettings = {
				ALWAYS_EMBED_SWIFT_STANDARD_LIBRARIES = YES;
				CODE_SIGN_STYLE = Automatic;
				CURRENT_PROJECT_VERSION = 1;
				DEVELOPMENT_TEAM = U69WA22HMU;
				GENERATE_INFOPLIST_FILE = YES;
				IPHONEOS_DEPLOYMENT_TARGET = 16.2;
				MACOSX_DEPLOYMENT_TARGET = 13.1;
				MARKETING_VERSION = 1.0;
				PRODUCT_BUNDLE_IDENTIFIER = com.guang.SightSoundUITests;
				PRODUCT_NAME = "$(TARGET_NAME)";
				SDKROOT = auto;
				SUPPORTED_PLATFORMS = "iphoneos iphonesimulator macosx";
				SWIFT_EMIT_LOC_STRINGS = NO;
				SWIFT_VERSION = 5.0;
				TARGETED_DEVICE_FAMILY = "1,2";
				TEST_TARGET_NAME = SightSound;
			};
			name = Debug;
		};
		635C4DF129D0ECA100BEBD5B /* Release */ = {
			isa = XCBuildConfiguration;
			buildSettings = {
				ALWAYS_EMBED_SWIFT_STANDARD_LIBRARIES = YES;
				CODE_SIGN_STYLE = Automatic;
				CURRENT_PROJECT_VERSION = 1;
				DEVELOPMENT_TEAM = U69WA22HMU;
				GENERATE_INFOPLIST_FILE = YES;
				IPHONEOS_DEPLOYMENT_TARGET = 16.2;
				MACOSX_DEPLOYMENT_TARGET = 13.1;
				MARKETING_VERSION = 1.0;
				PRODUCT_BUNDLE_IDENTIFIER = com.guang.SightSoundUITests;
				PRODUCT_NAME = "$(TARGET_NAME)";
				SDKROOT = auto;
				SUPPORTED_PLATFORMS = "iphoneos iphonesimulator macosx";
				SWIFT_EMIT_LOC_STRINGS = NO;
				SWIFT_VERSION = 5.0;
				TARGETED_DEVICE_FAMILY = "1,2";
				TEST_TARGET_NAME = SightSound;
			};
			name = Release;
		};
/* End XCBuildConfiguration section */

/* Begin XCConfigurationList section */
		635C4DBF29D0EC9F00BEBD5B /* Build configuration list for PBXProject "SightSound" */ = {
			isa = XCConfigurationList;
			buildConfigurations = (
				635C4DE729D0ECA100BEBD5B /* Debug */,
				635C4DE829D0ECA100BEBD5B /* Release */,
			);
			defaultConfigurationIsVisible = 0;
			defaultConfigurationName = Release;
		};
		635C4DE929D0ECA100BEBD5B /* Build configuration list for PBXNativeTarget "SightSound" */ = {
			isa = XCConfigurationList;
			buildConfigurations = (
				635C4DEA29D0ECA100BEBD5B /* Debug */,
				635C4DEB29D0ECA100BEBD5B /* Release */,
			);
			defaultConfigurationIsVisible = 0;
			defaultConfigurationName = Release;
		};
		635C4DEC29D0ECA100BEBD5B /* Build configuration list for PBXNativeTarget "SightSoundTests" */ = {
			isa = XCConfigurationList;
			buildConfigurations = (
				635C4DED29D0ECA100BEBD5B /* Debug */,
				635C4DEE29D0ECA100BEBD5B /* Release */,
			);
			defaultConfigurationIsVisible = 0;
			defaultConfigurationName = Release;
		};
		635C4DEF29D0ECA100BEBD5B /* Build configuration list for PBXNativeTarget "SightSoundUITests" */ = {
			isa = XCConfigurationList;
			buildConfigurations = (
				635C4DF029D0ECA100BEBD5B /* Debug */,
				635C4DF129D0ECA100BEBD5B /* Release */,
			);
			defaultConfigurationIsVisible = 0;
			defaultConfigurationName = Release;
		};
/* End XCConfigurationList section */
	};
	rootObject = 635C4DBC29D0EC9F00BEBD5B /* Project object */;
}
